
Microsoft Visual Studio Solution File, Format Version 12.00
# Visual Studio Version 17
VisualStudioVersion = 17.12.35527.113
MinimumVisualStudioVersion = 10.0.40219.1
Project("{FAE04EC0-301F-11D3-BF4B-00C04F79EFBC}") = "Web", "Web\Web.csproj", "{002DBCB9-E0B1-420A-8866-CB9A367B4123}"
EndProject
Project("{FAE04EC0-301F-11D3-BF4B-00C04F79EFBC}") = "Infrastructure", "Infrastructure\Infrastructure.csproj", "{CE6201A0-07CD-4ABF-A9FC-F8D00E71C8FE}"
EndProject
Project("{FAE04EC0-301F-11D3-BF4B-00C04F79EFBC}") = "Domain", "Domain\Domain.csproj", "{3D3FF007-8C5B-4A10-AF8E-6772A9A1D2A4}"
EndProject
Project("{FAE04EC0-301F-11D3-BF4B-00C04F79EFBC}") = "Application", "Application\Application.csproj", "{79E97358-FBF9-4E20-9A9F-12C35F651F47}"
EndProject
Global
	GlobalSection(SolutionConfigurationPlatforms) = preSolution
		Debug|Any CPU = Debug|Any CPU
		Release|Any CPU = Release|Any CPU
	EndGlobalSection
	GlobalSection(ProjectConfigurationPlatforms) = postSolution
		{002DBCB9-E0B1-420A-8866-CB9A367B4123}.Debug|Any CPU.ActiveCfg = Debug|Any CPU
		{002DBCB9-E0B1-420A-8866-CB9A367B4123}.Debug|Any CPU.Build.0 = Debug|Any CPU
		{002DBCB9-E0B1-420A-8866-CB9A367B4123}.Release|Any CPU.ActiveCfg = Release|Any CPU
		{002DBCB9-E0B1-420A-8866-CB9A367B4123}.Release|Any CPU.Build.0 = Release|Any CPU
		{CE6201A0-07CD-4ABF-A9FC-F8D00E71C8FE}.Debug|Any CPU.ActiveCfg = Debug|Any CPU
		{CE6201A0-07CD-4ABF-A9FC-F8D00E71C8FE}.Debug|Any CPU.Build.0 = Debug|Any CPU
		{CE6201A0-07CD-4ABF-A9FC-F8D00E71C8FE}.Release|Any CPU.ActiveCfg = Release|Any CPU
		{CE6201A0-07CD-4ABF-A9FC-F8D00E71C8FE}.Release|Any CPU.Build.0 = Release|Any CPU
		{3D3FF007-8C5B-4A10-AF8E-6772A9A1D2A4}.Debug|Any CPU.ActiveCfg = Debug|Any CPU
		{3D3FF007-8C5B-4A10-AF8E-6772A9A1D2A4}.Debug|Any CPU.Build.0 = Debug|Any CPU
		{3D3FF007-8C5B-4A10-AF8E-6772A9A1D2A4}.Release|Any CPU.ActiveCfg = Release|Any CPU
		{3D3FF007-8C5B-4A10-AF8E-6772A9A1D2A4}.Release|Any CPU.Build.0 = Release|Any CPU
		{79E97358-FBF9-4E20-9A9F-12C35F651F47}.Debug|Any CPU.ActiveCfg = Debug|Any CPU
		{79E97358-FBF9-4E20-9A9F-12C35F651F47}.Debug|Any CPU.Build.0 = Debug|Any CPU
		{79E97358-FBF9-4E20-9A9F-12C35F651F47}.Release|Any CPU.ActiveCfg = Release|Any CPU
		{79E97358-FBF9-4E20-9A9F-12C35F651F47}.Release|Any CPU.Build.0 = Release|Any CPU
	EndGlobalSection
	GlobalSection(SolutionProperties) = preSolution
		HideSolutionNode = FALSE
	EndGlobalSection
EndGlobal
